
Microsoft Visual Studio Solution File, Format Version 12.00
# Visual Studio Version 16
VisualStudioVersion = 16.0.32602.290
MinimumVisualStudioVersion = 10.0.40219.1
Project("{FAE04EC0-301F-11D3-BF4B-00C04F79EFBC}") = "Tema3-EquiposNBA", "Tema3-EquiposNBA\Tema3-EquiposNBA.csproj", "{7C039877-A459-4081-8241-21E8C11E626E}"
EndProject
Global
	GlobalSection(SolutionConfigurationPlatforms) = preSolution
		Debug|Any CPU = Debug|Any CPU
		Release|Any CPU = Release|Any CPU
	EndGlobalSection
	GlobalSection(ProjectConfigurationPlatforms) = postSolution
		{7C039877-A459-4081-8241-21E8C11E626E}.Debug|Any CPU.ActiveCfg = Debug|Any CPU
		{7C039877-A459-4081-8241-21E8C11E626E}.Debug|Any CPU.Build.0 = Debug|Any CPU
		{7C039877-A459-4081-8241-21E8C11E626E}.Release|Any CPU.ActiveCfg = Release|Any CPU
		{7C039877-A459-4081-8241-21E8C11E626E}.Release|Any CPU.Build.0 = Release|Any CPU
	EndGlobalSection
	GlobalSection(SolutionProperties) = preSolution
		HideSolutionNode = FALSE
	EndGlobalSection
	GlobalSection(ExtensibilityGlobals) = postSolution
		SolutionGuid = {F1DFA4B9-5444-4C13-967D-A99C4DE868AF}
	EndGlobalSection
EndGlobal
